hash: 619f5ef54421e7e4ef7cae4d2b66d8d5bff9767c98d98006035fe3fec12eb83e
updated: 2017-01-30T15:05:05.903338293+05:30
imports:
- name: github.com/golang/protobuf
  version: 8ee79997227bf9b34611aee7946ae64735e6fd93
  subpackages:
  - proto
- name: github.com/jasonlvhit/gocron
  version: 42a5804d37aa0b9239b265e894a16b8edbf52d54
- name: github.com/RetailMarket/priceManagerClient
  version: 389b4d114dc2c49075e23608c3b18e8d7c110f7b
- name: github.com/RetailMarket/workFlowClient
  version: 9896562e92fe077c1322fdc42639183a68040d47
- name: golang.org/x/net
  version: f2499483f923065a842d38eb4c7f1927e6fc6e6d
  subpackages:
  - context
  - http2
  - http2/hpack
  - idna
  - internal/timeseries
  - lex/httplex
  - trace
- name: google.golang.org/grpc
  version: 708a7f9f3283aa2d4f6132d287d78683babe55c8
  subpackages:
  - codes
  - credentials
  - grpclog
  - internal
  - metadata
  - naming
  - peer
  - stats
  - tap
  - transport
testImports: []
